
Microsoft Visual Studio Solution File, Format Version 12.00
# Visual Studio Version 17
VisualStudioVersion = 17.0.31903.59
MinimumVisualStudioVersion = 10.0.40219.1
Project("{FAE04EC0-301F-11D3-BF4B-00C04F79EFBC}") = "Domain", "Domain\Domain.csproj", "{E92BE325-8A68-4679-8B77-3CF3A073A5E7}"
EndProject
Project("{FAE04EC0-301F-11D3-BF4B-00C04F79EFBC}") = "Infrastructure", "Infrastructure\Infrastructure.csproj", "{ACCDD36F-2A7B-4E8E-87CA-3E37184D6540}"
EndProject
Project("{FAE04EC0-301F-11D3-BF4B-00C04F79EFBC}") = "RazorApp", "RazorApp\RazorApp.csproj", "{34F1302C-F861-4F6C-8F0F-9321DEBC4693}"
EndProject
Global
	GlobalSection(SolutionConfigurationPlatforms) = preSolution
		Debug|Any CPU = Debug|Any CPU
		Release|Any CPU = Release|Any CPU
	EndGlobalSection
	GlobalSection(SolutionProperties) = preSolution
		HideSolutionNode = FALSE
	EndGlobalSection
	GlobalSection(ProjectConfigurationPlatforms) = postSolution
		{E92BE325-8A68-4679-8B77-3CF3A073A5E7}.Debug|Any CPU.ActiveCfg = Debug|Any CPU
		{E92BE325-8A68-4679-8B77-3CF3A073A5E7}.Debug|Any CPU.Build.0 = Debug|Any CPU
		{E92BE325-8A68-4679-8B77-3CF3A073A5E7}.Release|Any CPU.ActiveCfg = Release|Any CPU
		{E92BE325-8A68-4679-8B77-3CF3A073A5E7}.Release|Any CPU.Build.0 = Release|Any CPU
		{ACCDD36F-2A7B-4E8E-87CA-3E37184D6540}.Debug|Any CPU.ActiveCfg = Debug|Any CPU
		{ACCDD36F-2A7B-4E8E-87CA-3E37184D6540}.Debug|Any CPU.Build.0 = Debug|Any CPU
		{ACCDD36F-2A7B-4E8E-87CA-3E37184D6540}.Release|Any CPU.ActiveCfg = Release|Any CPU
		{ACCDD36F-2A7B-4E8E-87CA-3E37184D6540}.Release|Any CPU.Build.0 = Release|Any CPU
		{34F1302C-F861-4F6C-8F0F-9321DEBC4693}.Debug|Any CPU.ActiveCfg = Debug|Any CPU
		{34F1302C-F861-4F6C-8F0F-9321DEBC4693}.Debug|Any CPU.Build.0 = Debug|Any CPU
		{34F1302C-F861-4F6C-8F0F-9321DEBC4693}.Release|Any CPU.ActiveCfg = Release|Any CPU
		{34F1302C-F861-4F6C-8F0F-9321DEBC4693}.Release|Any CPU.Build.0 = Release|Any CPU
	EndGlobalSection
EndGlobal
